
Microsoft Visual Studio Solution File, Format Version 12.00
# Visual Studio Version 17
VisualStudioVersion = 17.0.31903.59
MinimumVisualStudioVersion = 10.0.40219.1
Project("{2150E333-8FDC-42A3-9474-1A3956D46DE8}") = "src", "src", "{827E0CD3-B72D-47B6-A68D-7590B98EB39B}"
EndProject
Project("{FAE04EC0-301F-11D3-BF4B-00C04F79EFBC}") = "IntMud.Core", "src\IntMud.Core\IntMud.Core.csproj", "{2B509FFE-4B3F-451C-9193-243EFB4A660F}"
EndProject
Project("{FAE04EC0-301F-11D3-BF4B-00C04F79EFBC}") = "IntMud.Types", "src\IntMud.Types\IntMud.Types.csproj", "{0880EAC0-7657-4031-B696-6234BAE4BAB6}"
EndProject
Project("{FAE04EC0-301F-11D3-BF4B-00C04F79EFBC}") = "IntMud.Runtime", "src\IntMud.Runtime\IntMud.Runtime.csproj", "{624CACCF-5EEB-4087-A756-B708A3D68683}"
EndProject
Project("{FAE04EC0-301F-11D3-BF4B-00C04F79EFBC}") = "IntMud.BuiltinFunctions", "src\IntMud.BuiltinFunctions\IntMud.BuiltinFunctions.csproj", "{D572526C-13B7-4425-A2F8-720B2A61A0BD}"
EndProject
Project("{FAE04EC0-301F-11D3-BF4B-00C04F79EFBC}") = "IntMud.Compiler", "src\IntMud.Compiler\IntMud.Compiler.csproj", "{45419C36-C8E4-4B05-B9B5-817CC2B1FC99}"
EndProject
Project("{FAE04EC0-301F-11D3-BF4B-00C04F79EFBC}") = "IntMud.Networking", "src\IntMud.Networking\IntMud.Networking.csproj", "{FBCF0F81-94B9-41B0-8667-502ED16E60C9}"
EndProject
Project("{FAE04EC0-301F-11D3-BF4B-00C04F79EFBC}") = "IntMud.Hosting", "src\IntMud.Hosting\IntMud.Hosting.csproj", "{0BFCDA0B-F0EA-46DC-AD57-E718227D31EC}"
EndProject
Project("{FAE04EC0-301F-11D3-BF4B-00C04F79EFBC}") = "IntMud.Console", "src\IntMud.Console\IntMud.Console.csproj", "{C170391E-B49D-413D-AE66-6A5642E00D8E}"
EndProject
Project("{2150E333-8FDC-42A3-9474-1A3956D46DE8}") = "tests", "tests", "{0AB3BF05-4346-4AA6-1389-037BE0695223}"
EndProject
Project("{FAE04EC0-301F-11D3-BF4B-00C04F79EFBC}") = "IntMud.Runtime.Tests", "tests\IntMud.Runtime.Tests\IntMud.Runtime.Tests.csproj", "{13A05F87-2A8A-4B3C-A571-90DC240FFB53}"
EndProject
Project("{FAE04EC0-301F-11D3-BF4B-00C04F79EFBC}") = "IntMud.Compiler.Tests", "tests\IntMud.Compiler.Tests\IntMud.Compiler.Tests.csproj", "{DA6D74D2-2A8F-4BAE-A188-E0AED0C2E87B}"
EndProject
Project("{FAE04EC0-301F-11D3-BF4B-00C04F79EFBC}") = "IntMud.Integration.Tests", "tests\IntMud.Integration.Tests\IntMud.Integration.Tests.csproj", "{C96B229A-EA44-45DB-925D-82482ACFC53F}"
EndProject
Project("{2150E333-8FDC-42A3-9474-1A3956D46DE8}") = "tools", "tools", "{07C2787E-EAC7-C090-1BA3-A61EC2A24D84}"
EndProject
Project("{FAE04EC0-301F-11D3-BF4B-00C04F79EFBC}") = "IntMud.EncodingMigrator", "tools\IntMud.EncodingMigrator\IntMud.EncodingMigrator.csproj", "{5233F849-6118-421D-92A7-7FCD71B95A6D}"
EndProject
Global
	GlobalSection(SolutionConfigurationPlatforms) = preSolution
		Debug|Any CPU = Debug|Any CPU
		Debug|x64 = Debug|x64
		Debug|x86 = Debug|x86
		Release|Any CPU = Release|Any CPU
		Release|x64 = Release|x64
		Release|x86 = Release|x86
	EndGlobalSection
	GlobalSection(ProjectConfigurationPlatforms) = postSolution
		{2B509FFE-4B3F-451C-9193-243EFB4A660F}.Debug|Any CPU.ActiveCfg = Debug|Any CPU
		{2B509FFE-4B3F-451C-9193-243EFB4A660F}.Debug|Any CPU.Build.0 = Debug|Any CPU
		{2B509FFE-4B3F-451C-9193-243EFB4A660F}.Debug|x64.ActiveCfg = Debug|Any CPU
		{2B509FFE-4B3F-451C-9193-243EFB4A660F}.Debug|x64.Build.0 = Debug|Any CPU
		{2B509FFE-4B3F-451C-9193-243EFB4A660F}.Debug|x86.ActiveCfg = Debug|Any CPU
		{2B509FFE-4B3F-451C-9193-243EFB4A660F}.Debug|x86.Build.0 = Debug|Any CPU
		{2B509FFE-4B3F-451C-9193-243EFB4A660F}.Release|Any CPU.ActiveCfg = Release|Any CPU
		{2B509FFE-4B3F-451C-9193-243EFB4A660F}.Release|Any CPU.Build.0 = Release|Any CPU
		{2B509FFE-4B3F-451C-9193-243EFB4A660F}.Release|x64.ActiveCfg = Release|Any CPU
		{2B509FFE-4B3F-451C-9193-243EFB4A660F}.Release|x64.Build.0 = Release|Any CPU
		{2B509FFE-4B3F-451C-9193-243EFB4A660F}.Release|x86.ActiveCfg = Release|Any CPU
		{2B509FFE-4B3F-451C-9193-243EFB4A660F}.Release|x86.Build.0 = Release|Any CPU
		{0880EAC0-7657-4031-B696-6234BAE4BAB6}.Debug|Any CPU.ActiveCfg = Debug|Any CPU
		{0880EAC0-7657-4031-B696-6234BAE4BAB6}.Debug|Any CPU.Build.0 = Debug|Any CPU
		{0880EAC0-7657-4031-B696-6234BAE4BAB6}.Debug|x64.ActiveCfg = Debug|Any CPU
		{0880EAC0-7657-4031-B696-6234BAE4BAB6}.Debug|x64.Build.0 = Debug|Any CPU
		{0880EAC0-7657-4031-B696-6234BAE4BAB6}.Debug|x86.ActiveCfg = Debug|Any CPU
		{0880EAC0-7657-4031-B696-6234BAE4BAB6}.Debug|x86.Build.0 = Debug|Any CPU
		{0880EAC0-7657-4031-B696-6234BAE4BAB6}.Release|Any CPU.ActiveCfg = Release|Any CPU
		{0880EAC0-7657-4031-B696-6234BAE4BAB6}.Release|Any CPU.Build.0 = Release|Any CPU
		{0880EAC0-7657-4031-B696-6234BAE4BAB6}.Release|x64.ActiveCfg = Release|Any CPU
		{0880EAC0-7657-4031-B696-6234BAE4BAB6}.Release|x64.Build.0 = Release|Any CPU
		{0880EAC0-7657-4031-B696-6234BAE4BAB6}.Release|x86.ActiveCfg = Release|Any CPU
		{0880EAC0-7657-4031-B696-6234BAE4BAB6}.Release|x86.Build.0 = Release|Any CPU
		{624CACCF-5EEB-4087-A756-B708A3D68683}.Debug|Any CPU.ActiveCfg = Debug|Any CPU
		{624CACCF-5EEB-4087-A756-B708A3D68683}.Debug|Any CPU.Build.0 = Debug|Any CPU
		{624CACCF-5EEB-4087-A756-B708A3D68683}.Debug|x64.ActiveCfg = Debug|Any CPU
		{624CACCF-5EEB-4087-A756-B708A3D68683}.Debug|x64.Build.0 = Debug|Any CPU
		{624CACCF-5EEB-4087-A756-B708A3D68683}.Debug|x86.ActiveCfg = Debug|Any CPU
		{624CACCF-5EEB-4087-A756-B708A3D68683}.Debug|x86.Build.0 = Debug|Any CPU
		{624CACCF-5EEB-4087-A756-B708A3D68683}.Release|Any CPU.ActiveCfg = Release|Any CPU
		{624CACCF-5EEB-4087-A756-B708A3D68683}.Release|Any CPU.Build.0 = Release|Any CPU
		{624CACCF-5EEB-4087-A756-B708A3D68683}.Release|x64.ActiveCfg = Release|Any CPU
		{624CACCF-5EEB-4087-A756-B708A3D68683}.Release|x64.Build.0 = Release|Any CPU
		{624CACCF-5EEB-4087-A756-B708A3D68683}.Release|x86.ActiveCfg = Release|Any CPU
		{624CACCF-5EEB-4087-A756-B708A3D68683}.Release|x86.Build.0 = Release|Any CPU
		{D572526C-13B7-4425-A2F8-720B2A61A0BD}.Debug|Any CPU.ActiveCfg = Debug|Any CPU
		{D572526C-13B7-4425-A2F8-720B2A61A0BD}.Debug|Any CPU.Build.0 = Debug|Any CPU
		{D572526C-13B7-4425-A2F8-720B2A61A0BD}.Debug|x64.ActiveCfg = Debug|Any CPU
		{D572526C-13B7-4425-A2F8-720B2A61A0BD}.Debug|x64.Build.0 = Debug|Any CPU
		{D572526C-13B7-4425-A2F8-720B2A61A0BD}.Debug|x86.ActiveCfg = Debug|Any CPU
		{D572526C-13B7-4425-A2F8-720B2A61A0BD}.Debug|x86.Build.0 = Debug|Any CPU
		{D572526C-13B7-4425-A2F8-720B2A61A0BD}.Release|Any CPU.ActiveCfg = Release|Any CPU
		{D572526C-13B7-4425-A2F8-720B2A61A0BD}.Release|Any CPU.Build.0 = Release|Any CPU
		{D572526C-13B7-4425-A2F8-720B2A61A0BD}.Release|x64.ActiveCfg = Release|Any CPU
		{D572526C-13B7-4425-A2F8-720B2A61A0BD}.Release|x64.Build.0 = Release|Any CPU
		{D572526C-13B7-4425-A2F8-720B2A61A0BD}.Release|x86.ActiveCfg = Release|Any CPU
		{D572526C-13B7-4425-A2F8-720B2A61A0BD}.Release|x86.Build.0 = Release|Any CPU
		{45419C36-C8E4-4B05-B9B5-817CC2B1FC99}.Debug|Any CPU.ActiveCfg = Debug|Any CPU
		{45419C36-C8E4-4B05-B9B5-817CC2B1FC99}.Debug|Any CPU.Build.0 = Debug|Any CPU
		{45419C36-C8E4-4B05-B9B5-817CC2B1FC99}.Debug|x64.ActiveCfg = Debug|Any CPU
		{45419C36-C8E4-4B05-B9B5-817CC2B1FC99}.Debug|x64.Build.0 = Debug|Any CPU
		{45419C36-C8E4-4B05-B9B5-817CC2B1FC99}.Debug|x86.ActiveCfg = Debug|Any CPU
		{45419C36-C8E4-4B05-B9B5-817CC2B1FC99}.Debug|x86.Build.0 = Debug|Any CPU
		{45419C36-C8E4-4B05-B9B5-817CC2B1FC99}.Release|Any CPU.ActiveCfg = Release|Any CPU
		{45419C36-C8E4-4B05-B9B5-817CC2B1FC99}.Release|Any CPU.Build.0 = Release|Any CPU
		{45419C36-C8E4-4B05-B9B5-817CC2B1FC99}.Release|x64.ActiveCfg = Release|Any CPU
		{45419C36-C8E4-4B05-B9B5-817CC2B1FC99}.Release|x64.Build.0 = Release|Any CPU
		{45419C36-C8E4-4B05-B9B5-817CC2B1FC99}.Release|x86.ActiveCfg = Release|Any CPU
		{45419C36-C8E4-4B05-B9B5-817CC2B1FC99}.Release|x86.Build.0 = Release|Any CPU
		{FBCF0F81-94B9-41B0-8667-502ED16E60C9}.Debug|Any CPU.ActiveCfg = Debug|Any CPU
		{FBCF0F81-94B9-41B0-8667-502ED16E60C9}.Debug|Any CPU.Build.0 = Debug|Any CPU
		{FBCF0F81-94B9-41B0-8667-502ED16E60C9}.Debug|x64.ActiveCfg = Debug|Any CPU
		{FBCF0F81-94B9-41B0-8667-502ED16E60C9}.Debug|x64.Build.0 = Debug|Any CPU
		{FBCF0F81-94B9-41B0-8667-502ED16E60C9}.Debug|x86.ActiveCfg = Debug|Any CPU
		{FBCF0F81-94B9-41B0-8667-502ED16E60C9}.Debug|x86.Build.0 = Debug|Any CPU
		{FBCF0F81-94B9-41B0-8667-502ED16E60C9}.Release|Any CPU.ActiveCfg = Release|Any CPU
		{FBCF0F81-94B9-41B0-8667-502ED16E60C9}.Release|Any CPU.Build.0 = Release|Any CPU
		{FBCF0F81-94B9-41B0-8667-502ED16E60C9}.Release|x64.ActiveCfg = Release|Any CPU
		{FBCF0F81-94B9-41B0-8667-502ED16E60C9}.Release|x64.Build.0 = Release|Any CPU
		{FBCF0F81-94B9-41B0-8667-502ED16E60C9}.Release|x86.ActiveCfg = Release|Any CPU
		{FBCF0F81-94B9-41B0-8667-502ED16E60C9}.Release|x86.Build.0 = Release|Any CPU
		{0BFCDA0B-F0EA-46DC-AD57-E718227D31EC}.Debug|Any CPU.ActiveCfg = Debug|Any CPU
		{0BFCDA0B-F0EA-46DC-AD57-E718227D31EC}.Debug|Any CPU.Build.0 = Debug|Any CPU
		{0BFCDA0B-F0EA-46DC-AD57-E718227D31EC}.Debug|x64.ActiveCfg = Debug|Any CPU
		{0BFCDA0B-F0EA-46DC-AD57-E718227D31EC}.Debug|x64.Build.0 = Debug|Any CPU
		{0BFCDA0B-F0EA-46DC-AD57-E718227D31EC}.Debug|x86.ActiveCfg = Debug|Any CPU
		{0BFCDA0B-F0EA-46DC-AD57-E718227D31EC}.Debug|x86.Build.0 = Debug|Any CPU
		{0BFCDA0B-F0EA-46DC-AD57-E718227D31EC}.Release|Any CPU.ActiveCfg = Release|Any CPU
		{0BFCDA0B-F0EA-46DC-AD57-E718227D31EC}.Release|Any CPU.Build.0 = Release|Any CPU
		{0BFCDA0B-F0EA-46DC-AD57-E718227D31EC}.Release|x64.ActiveCfg = Release|Any CPU
		{0BFCDA0B-F0EA-46DC-AD57-E718227D31EC}.Release|x64.Build.0 = Release|Any CPU
		{0BFCDA0B-F0EA-46DC-AD57-E718227D31EC}.Release|x86.ActiveCfg = Release|Any CPU
		{0BFCDA0B-F0EA-46DC-AD57-E718227D31EC}.Release|x86.Build.0 = Release|Any CPU
		{C170391E-B49D-413D-AE66-6A5642E00D8E}.Debug|Any CPU.ActiveCfg = Debug|Any CPU
		{C170391E-B49D-413D-AE66-6A5642E00D8E}.Debug|Any CPU.Build.0 = Debug|Any CPU
		{C170391E-B49D-413D-AE66-6A5642E00D8E}.Debug|x64.ActiveCfg = Debug|Any CPU
		{C170391E-B49D-413D-AE66-6A5642E00D8E}.Debug|x64.Build.0 = Debug|Any CPU
		{C170391E-B49D-413D-AE66-6A5642E00D8E}.Debug|x86.ActiveCfg = Debug|Any CPU
		{C170391E-B49D-413D-AE66-6A5642E00D8E}.Debug|x86.Build.0 = Debug|Any CPU
		{C170391E-B49D-413D-AE66-6A5642E00D8E}.Release|Any CPU.ActiveCfg = Release|Any CPU
		{C170391E-B49D-413D-AE66-6A5642E00D8E}.Release|Any CPU.Build.0 = Release|Any CPU
		{C170391E-B49D-413D-AE66-6A5642E00D8E}.Release|x64.ActiveCfg = Release|Any CPU
		{C170391E-B49D-413D-AE66-6A5642E00D8E}.Release|x64.Build.0 = Release|Any CPU
		{C170391E-B49D-413D-AE66-6A5642E00D8E}.Release|x86.ActiveCfg = Release|Any CPU
		{C170391E-B49D-413D-AE66-6A5642E00D8E}.Release|x86.Build.0 = Release|Any CPU
		{13A05F87-2A8A-4B3C-A571-90DC240FFB53}.Debug|Any CPU.ActiveCfg = Debug|Any CPU
		{13A05F87-2A8A-4B3C-A571-90DC240FFB53}.Debug|Any CPU.Build.0 = Debug|Any CPU
		{13A05F87-2A8A-4B3C-A571-90DC240FFB53}.Debug|x64.ActiveCfg = Debug|Any CPU
		{13A05F87-2A8A-4B3C-A571-90DC240FFB53}.Debug|x64.Build.0 = Debug|Any CPU
		{13A05F87-2A8A-4B3C-A571-90DC240FFB53}.Debug|x86.ActiveCfg = Debug|Any CPU
		{13A05F87-2A8A-4B3C-A571-90DC240FFB53}.Debug|x86.Build.0 = Debug|Any CPU
		{13A05F87-2A8A-4B3C-A571-90DC240FFB53}.Release|Any CPU.ActiveCfg = Release|Any CPU
		{13A05F87-2A8A-4B3C-A571-90DC240FFB53}.Release|Any CPU.Build.0 = Release|Any CPU
		{13A05F87-2A8A-4B3C-A571-90DC240FFB53}.Release|x64.ActiveCfg = Release|Any CPU
		{13A05F87-2A8A-4B3C-A571-90DC240FFB53}.Release|x64.Build.0 = Release|Any CPU
		{13A05F87-2A8A-4B3C-A571-90DC240FFB53}.Release|x86.ActiveCfg = Release|Any CPU
		{13A05F87-2A8A-4B3C-A571-90DC240FFB53}.Release|x86.Build.0 = Release|Any CPU
		{DA6D74D2-2A8F-4BAE-A188-E0AED0C2E87B}.Debug|Any CPU.ActiveCfg = Debug|Any CPU
		{DA6D74D2-2A8F-4BAE-A188-E0AED0C2E87B}.Debug|Any CPU.Build.0 = Debug|Any CPU
		{DA6D74D2-2A8F-4BAE-A188-E0AED0C2E87B}.Debug|x64.ActiveCfg = Debug|Any CPU
		{DA6D74D2-2A8F-4BAE-A188-E0AED0C2E87B}.Debug|x64.Build.0 = Debug|Any CPU
		{DA6D74D2-2A8F-4BAE-A188-E0AED0C2E87B}.Debug|x86.ActiveCfg = Debug|Any CPU
		{DA6D74D2-2A8F-4BAE-A188-E0AED0C2E87B}.Debug|x86.Build.0 = Debug|Any CPU
		{DA6D74D2-2A8F-4BAE-A188-E0AED0C2E87B}.Release|Any CPU.ActiveCfg = Release|Any CPU
		{DA6D74D2-2A8F-4BAE-A188-E0AED0C2E87B}.Release|Any CPU.Build.0 = Release|Any CPU
		{DA6D74D2-2A8F-4BAE-A188-E0AED0C2E87B}.Release|x64.ActiveCfg = Release|Any CPU
		{DA6D74D2-2A8F-4BAE-A188-E0AED0C2E87B}.Release|x64.Build.0 = Release|Any CPU
		{DA6D74D2-2A8F-4BAE-A188-E0AED0C2E87B}.Release|x86.ActiveCfg = Release|Any CPU
		{DA6D74D2-2A8F-4BAE-A188-E0AED0C2E87B}.Release|x86.Build.0 = Release|Any CPU
		{C96B229A-EA44-45DB-925D-82482ACFC53F}.Debug|Any CPU.ActiveCfg = Debug|Any CPU
		{C96B229A-EA44-45DB-925D-82482ACFC53F}.Debug|Any CPU.Build.0 = Debug|Any CPU
		{C96B229A-EA44-45DB-925D-82482ACFC53F}.Debug|x64.ActiveCfg = Debug|Any CPU
		{C96B229A-EA44-45DB-925D-82482ACFC53F}.Debug|x64.Build.0 = Debug|Any CPU
		{C96B229A-EA44-45DB-925D-82482ACFC53F}.Debug|x86.ActiveCfg = Debug|Any CPU
		{C96B229A-EA44-45DB-925D-82482ACFC53F}.Debug|x86.Build.0 = Debug|Any CPU
		{C96B229A-EA44-45DB-925D-82482ACFC53F}.Release|Any CPU.ActiveCfg = Release|Any CPU
		{C96B229A-EA44-45DB-925D-82482ACFC53F}.Release|Any CPU.Build.0 = Release|Any CPU
		{C96B229A-EA44-45DB-925D-82482ACFC53F}.Release|x64.ActiveCfg = Release|Any CPU
		{C96B229A-EA44-45DB-925D-82482ACFC53F}.Release|x64.Build.0 = Release|Any CPU
		{C96B229A-EA44-45DB-925D-82482ACFC53F}.Release|x86.ActiveCfg = Release|Any CPU
		{C96B229A-EA44-45DB-925D-82482ACFC53F}.Release|x86.Build.0 = Release|Any CPU
		{5233F849-6118-421D-92A7-7FCD71B95A6D}.Debug|Any CPU.ActiveCfg = Debug|Any CPU
		{5233F849-6118-421D-92A7-7FCD71B95A6D}.Debug|Any CPU.Build.0 = Debug|Any CPU
		{5233F849-6118-421D-92A7-7FCD71B95A6D}.Debug|x64.ActiveCfg = Debug|Any CPU
		{5233F849-6118-421D-92A7-7FCD71B95A6D}.Debug|x64.Build.0 = Debug|Any CPU
		{5233F849-6118-421D-92A7-7FCD71B95A6D}.Debug|x86.ActiveCfg = Debug|Any CPU
		{5233F849-6118-421D-92A7-7FCD71B95A6D}.Debug|x86.Build.0 = Debug|Any CPU
		{5233F849-6118-421D-92A7-7FCD71B95A6D}.Release|Any CPU.ActiveCfg = Release|Any CPU
		{5233F849-6118-421D-92A7-7FCD71B95A6D}.Release|Any CPU.Build.0 = Release|Any CPU
		{5233F849-6118-421D-92A7-7FCD71B95A6D}.Release|x64.ActiveCfg = Release|Any CPU
		{5233F849-6118-421D-92A7-7FCD71B95A6D}.Release|x64.Build.0 = Release|Any CPU
		{5233F849-6118-421D-92A7-7FCD71B95A6D}.Release|x86.ActiveCfg = Release|Any CPU
		{5233F849-6118-421D-92A7-7FCD71B95A6D}.Release|x86.Build.0 = Release|Any CPU
	EndGlobalSection
	GlobalSection(SolutionProperties) = preSolution
		HideSolutionNode = FALSE
	EndGlobalSection
	GlobalSection(NestedProjects) = preSolution
		{2B509FFE-4B3F-451C-9193-243EFB4A660F} = {827E0CD3-B72D-47B6-A68D-7590B98EB39B}
		{0880EAC0-7657-4031-B696-6234BAE4BAB6} = {827E0CD3-B72D-47B6-A68D-7590B98EB39B}
		{624CACCF-5EEB-4087-A756-B708A3D68683} = {827E0CD3-B72D-47B6-A68D-7590B98EB39B}
		{D572526C-13B7-4425-A2F8-720B2A61A0BD} = {827E0CD3-B72D-47B6-A68D-7590B98EB39B}
		{45419C36-C8E4-4B05-B9B5-817CC2B1FC99} = {827E0CD3-B72D-47B6-A68D-7590B98EB39B}
		{FBCF0F81-94B9-41B0-8667-502ED16E60C9} = {827E0CD3-B72D-47B6-A68D-7590B98EB39B}
		{0BFCDA0B-F0EA-46DC-AD57-E718227D31EC} = {827E0CD3-B72D-47B6-A68D-7590B98EB39B}
		{C170391E-B49D-413D-AE66-6A5642E00D8E} = {827E0CD3-B72D-47B6-A68D-7590B98EB39B}
		{13A05F87-2A8A-4B3C-A571-90DC240FFB53} = {0AB3BF05-4346-4AA6-1389-037BE0695223}
		{DA6D74D2-2A8F-4BAE-A188-E0AED0C2E87B} = {0AB3BF05-4346-4AA6-1389-037BE0695223}
		{C96B229A-EA44-45DB-925D-82482ACFC53F} = {0AB3BF05-4346-4AA6-1389-037BE0695223}
		{5233F849-6118-421D-92A7-7FCD71B95A6D} = {07C2787E-EAC7-C090-1BA3-A61EC2A24D84}
	EndGlobalSection
EndGlobal
